
Microsoft Visual Studio Solution File, Format Version 12.00
# Visual Studio 15
VisualStudioVersion = 15.0.27004.2009
MinimumVisualStudioVersion = 10.0.40219.1
Project("{FAE04EC0-301F-11D3-BF4B-00C04F79EFBC}") = "Manna.Android", "Manna\Manna.Android\Manna.Android.csproj", "{56D92C8B-D427-4292-A9B4-4A7CD74E3FE7}"
EndProject
Project("{FAE04EC0-301F-11D3-BF4B-00C04F79EFBC}") = "Manna", "Manna\Manna\Manna.csproj", "{A3D93C79-BF74-48AD-B765-F807DC19757B}"
EndProject
Project("{FAE04EC0-301F-11D3-BF4B-00C04F79EFBC}") = "Manna.iOS", "Manna\Manna.iOS\Manna.iOS.csproj", "{8D6E7EBD-2A26-4E2F-B0D2-79E4A9469B0B}"
EndProject
Global
	GlobalSection(SolutionConfigurationPlatforms) = preSolution
		Ad-Hoc|Any CPU = Ad-Hoc|Any CPU
		Ad-Hoc|iPhone = Ad-Hoc|iPhone
		Ad-Hoc|iPhoneSimulator = Ad-Hoc|iPhoneSimulator
		AppStore|Any CPU = AppStore|Any CPU
		AppStore|iPhone = AppStore|iPhone
		AppStore|iPhoneSimulator = AppStore|iPhoneSimulator
		Debug|Any CPU = Debug|Any CPU
		Debug|iPhone = Debug|iPhone
		Debug|iPhoneSimulator = Debug|iPhoneSimulator
		Release|Any CPU = Release|Any CPU
		Release|iPhone = Release|iPhone
		Release|iPhoneSimulator = Release|iPhoneSimulator
	EndGlobalSection
	GlobalSection(ProjectConfigurationPlatforms) = postSolution
		{56D92C8B-D427-4292-A9B4-4A7CD74E3FE7}.Ad-Hoc|Any CPU.ActiveCfg = Release|Any CPU
		{56D92C8B-D427-4292-A9B4-4A7CD74E3FE7}.Ad-Hoc|Any CPU.Build.0 = Release|Any CPU
		{56D92C8B-D427-4292-A9B4-4A7CD74E3FE7}.Ad-Hoc|Any CPU.Deploy.0 = Release|Any CPU
		{56D92C8B-D427-4292-A9B4-4A7CD74E3FE7}.Ad-Hoc|iPhone.ActiveCfg = Release|Any CPU
		{56D92C8B-D427-4292-A9B4-4A7CD74E3FE7}.Ad-Hoc|iPhone.Build.0 = Release|Any CPU
		{56D92C8B-D427-4292-A9B4-4A7CD74E3FE7}.Ad-Hoc|iPhone.Deploy.0 = Release|Any CPU
		{56D92C8B-D427-4292-A9B4-4A7CD74E3FE7}.Ad-Hoc|iPhoneSimulator.ActiveCfg = Release|Any CPU
		{56D92C8B-D427-4292-A9B4-4A7CD74E3FE7}.Ad-Hoc|iPhoneSimulator.Build.0 = Release|Any CPU
		{56D92C8B-D427-4292-A9B4-4A7CD74E3FE7}.Ad-Hoc|iPhoneSimulator.Deploy.0 = Release|Any CPU
		{56D92C8B-D427-4292-A9B4-4A7CD74E3FE7}.AppStore|Any CPU.ActiveCfg = Release|Any CPU
		{56D92C8B-D427-4292-A9B4-4A7CD74E3FE7}.AppStore|Any CPU.Build.0 = Release|Any CPU
		{56D92C8B-D427-4292-A9B4-4A7CD74E3FE7}.AppStore|Any CPU.Deploy.0 = Release|Any CPU
		{56D92C8B-D427-4292-A9B4-4A7CD74E3FE7}.AppStore|iPhone.ActiveCfg = Release|Any CPU
		{56D92C8B-D427-4292-A9B4-4A7CD74E3FE7}.AppStore|iPhone.Build.0 = Release|Any CPU
		{56D92C8B-D427-4292-A9B4-4A7CD74E3FE7}.AppStore|iPhone.Deploy.0 = Release|Any CPU
		{56D92C8B-D427-4292-A9B4-4A7CD74E3FE7}.AppStore|iPhoneSimulator.ActiveCfg = Release|Any CPU
		{56D92C8B-D427-4292-A9B4-4A7CD74E3FE7}.AppStore|iPhoneSimulator.Build.0 = Release|Any CPU
		{56D92C8B-D427-4292-A9B4-4A7CD74E3FE7}.AppStore|iPhoneSimulator.Deploy.0 = Release|Any CPU
		{56D92C8B-D427-4292-A9B4-4A7CD74E3FE7}.Debug|Any CPU.ActiveCfg = Debug|Any CPU
		{56D92C8B-D427-4292-A9B4-4A7CD74E3FE7}.Debug|Any CPU.Build.0 = Debug|Any CPU
		{56D92C8B-D427-4292-A9B4-4A7CD74E3FE7}.Debug|Any CPU.Deploy.0 = Debug|Any CPU
		{56D92C8B-D427-4292-A9B4-4A7CD74E3FE7}.Debug|iPhone.ActiveCfg = Debug|Any CPU
		{56D92C8B-D427-4292-A9B4-4A7CD74E3FE7}.Debug|iPhone.Build.0 = Debug|Any CPU
		{56D92C8B-D427-4292-A9B4-4A7CD74E3FE7}.Debug|iPhone.Deploy.0 = Debug|Any CPU
		{56D92C8B-D427-4292-A9B4-4A7CD74E3FE7}.Debug|iPhoneSimulator.ActiveCfg = Debug|Any CPU
		{56D92C8B-D427-4292-A9B4-4A7CD74E3FE7}.Debug|iPhoneSimulator.Build.0 = Debug|Any CPU
		{56D92C8B-D427-4292-A9B4-4A7CD74E3FE7}.Debug|iPhoneSimulator.Deploy.0 = Debug|Any CPU
		{56D92C8B-D427-4292-A9B4-4A7CD74E3FE7}.Release|Any CPU.ActiveCfg = Release|Any CPU
		{56D92C8B-D427-4292-A9B4-4A7CD74E3FE7}.Release|Any CPU.Build.0 = Release|Any CPU
		{56D92C8B-D427-4292-A9B4-4A7CD74E3FE7}.Release|Any CPU.Deploy.0 = Release|Any CPU
		{56D92C8B-D427-4292-A9B4-4A7CD74E3FE7}.Release|iPhone.ActiveCfg = Release|Any CPU
		{56D92C8B-D427-4292-A9B4-4A7CD74E3FE7}.Release|iPhone.Build.0 = Release|Any CPU
		{56D92C8B-D427-4292-A9B4-4A7CD74E3FE7}.Release|iPhone.Deploy.0 = Release|Any CPU
		{56D92C8B-D427-4292-A9B4-4A7CD74E3FE7}.Release|iPhoneSimulator.ActiveCfg = Release|Any CPU
		{56D92C8B-D427-4292-A9B4-4A7CD74E3FE7}.Release|iPhoneSimulator.Build.0 = Release|Any CPU
		{56D92C8B-D427-4292-A9B4-4A7CD74E3FE7}.Release|iPhoneSimulator.Deploy.0 = Release|Any CPU
		{A3D93C79-BF74-48AD-B765-F807DC19757B}.Ad-Hoc|Any CPU.ActiveCfg = Release|Any CPU
		{A3D93C79-BF74-48AD-B765-F807DC19757B}.Ad-Hoc|Any CPU.Build.0 = Release|Any CPU
		{A3D93C79-BF74-48AD-B765-F807DC19757B}.Ad-Hoc|iPhone.ActiveCfg = Release|Any CPU
		{A3D93C79-BF74-48AD-B765-F807DC19757B}.Ad-Hoc|iPhone.Build.0 = Release|Any CPU
		{A3D93C79-BF74-48AD-B765-F807DC19757B}.Ad-Hoc|iPhoneSimulator.ActiveCfg = Release|Any CPU
		{A3D93C79-BF74-48AD-B765-F807DC19757B}.Ad-Hoc|iPhoneSimulator.Build.0 = Release|Any CPU
		{A3D93C79-BF74-48AD-B765-F807DC19757B}.AppStore|Any CPU.ActiveCfg = Release|Any CPU
		{A3D93C79-BF74-48AD-B765-F807DC19757B}.AppStore|Any CPU.Build.0 = Release|Any CPU
		{A3D93C79-BF74-48AD-B765-F807DC19757B}.AppStore|iPhone.ActiveCfg = Release|Any CPU
		{A3D93C79-BF74-48AD-B765-F807DC19757B}.AppStore|iPhone.Build.0 = Release|Any CPU
		{A3D93C79-BF74-48AD-B765-F807DC19757B}.AppStore|iPhoneSimulator.ActiveCfg = Release|Any CPU
		{A3D93C79-BF74-48AD-B765-F807DC19757B}.AppStore|iPhoneSimulator.Build.0 = Release|Any CPU
		{A3D93C79-BF74-48AD-B765-F807DC19757B}.Debug|Any CPU.ActiveCfg = Debug|Any CPU
		{A3D93C79-BF74-48AD-B765-F807DC19757B}.Debug|Any CPU.Build.0 = Debug|Any CPU
		{A3D93C79-BF74-48AD-B765-F807DC19757B}.Debug|iPhone.ActiveCfg = Debug|Any CPU
		{A3D93C79-BF74-48AD-B765-F807DC19757B}.Debug|iPhone.Build.0 = Debug|Any CPU
		{A3D93C79-BF74-48AD-B765-F807DC19757B}.Debug|iPhoneSimulator.ActiveCfg = Debug|Any CPU
		{A3D93C79-BF74-48AD-B765-F807DC19757B}.Debug|iPhoneSimulator.Build.0 = Debug|Any CPU
		{A3D93C79-BF74-48AD-B765-F807DC19757B}.Release|Any CPU.ActiveCfg = Release|Any CPU
		{A3D93C79-BF74-48AD-B765-F807DC19757B}.Release|Any CPU.Build.0 = Release|Any CPU
		{A3D93C79-BF74-48AD-B765-F807DC19757B}.Release|iPhone.ActiveCfg = Release|Any CPU
		{A3D93C79-BF74-48AD-B765-F807DC19757B}.Release|iPhone.Build.0 = Release|Any CPU
		{A3D93C79-BF74-48AD-B765-F807DC19757B}.Release|iPhoneSimulator.ActiveCfg = Release|Any CPU
		{A3D93C79-BF74-48AD-B765-F807DC19757B}.Release|iPhoneSimulator.Build.0 = Release|Any CPU
		{8D6E7EBD-2A26-4E2F-B0D2-79E4A9469B0B}.Ad-Hoc|Any CPU.ActiveCfg = Ad-Hoc|iPhoneSimulator
		{8D6E7EBD-2A26-4E2F-B0D2-79E4A9469B0B}.Ad-Hoc|iPhone.ActiveCfg = Ad-Hoc|iPhone
		{8D6E7EBD-2A26-4E2F-B0D2-79E4A9469B0B}.Ad-Hoc|iPhone.Build.0 = Ad-Hoc|iPhone
		{8D6E7EBD-2A26-4E2F-B0D2-79E4A9469B0B}.Ad-Hoc|iPhoneSimulator.ActiveCfg = Ad-Hoc|iPhoneSimulator
		{8D6E7EBD-2A26-4E2F-B0D2-79E4A9469B0B}.Ad-Hoc|iPhoneSimulator.Build.0 = Ad-Hoc|iPhoneSimulator
		{8D6E7EBD-2A26-4E2F-B0D2-79E4A9469B0B}.AppStore|Any CPU.ActiveCfg = AppStore|iPhoneSimulator
		{8D6E7EBD-2A26-4E2F-B0D2-79E4A9469B0B}.AppStore|iPhone.ActiveCfg = AppStore|iPhone
		{8D6E7EBD-2A26-4E2F-B0D2-79E4A9469B0B}.AppStore|iPhone.Build.0 = AppStore|iPhone
		{8D6E7EBD-2A26-4E2F-B0D2-79E4A9469B0B}.AppStore|iPhoneSimulator.ActiveCfg = AppStore|iPhoneSimulator
		{8D6E7EBD-2A26-4E2F-B0D2-79E4A9469B0B}.AppStore|iPhoneSimulator.Build.0 = AppStore|iPhoneSimulator
		{8D6E7EBD-2A26-4E2F-B0D2-79E4A9469B0B}.Debug|Any CPU.ActiveCfg = Debug|iPhoneSimulator
		{8D6E7EBD-2A26-4E2F-B0D2-79E4A9469B0B}.Debug|iPhone.ActiveCfg = Debug|iPhone
		{8D6E7EBD-2A26-4E2F-B0D2-79E4A9469B0B}.Debug|iPhone.Build.0 = Debug|iPhone
		{8D6E7EBD-2A26-4E2F-B0D2-79E4A9469B0B}.Debug|iPhoneSimulator.ActiveCfg = Debug|iPhoneSimulator
		{8D6E7EBD-2A26-4E2F-B0D2-79E4A9469B0B}.Debug|iPhoneSimulator.Build.0 = Debug|iPhoneSimulator
		{8D6E7EBD-2A26-4E2F-B0D2-79E4A9469B0B}.Release|Any CPU.ActiveCfg = Release|iPhoneSimulator
		{8D6E7EBD-2A26-4E2F-B0D2-79E4A9469B0B}.Release|iPhone.ActiveCfg = Release|iPhone
		{8D6E7EBD-2A26-4E2F-B0D2-79E4A9469B0B}.Release|iPhone.Build.0 = Release|iPhone
		{8D6E7EBD-2A26-4E2F-B0D2-79E4A9469B0B}.Release|iPhoneSimulator.ActiveCfg = Release|iPhoneSimulator
		{8D6E7EBD-2A26-4E2F-B0D2-79E4A9469B0B}.Release|iPhoneSimulator.Build.0 = Release|iPhoneSimulator
	EndGlobalSection
	GlobalSection(SolutionProperties) = preSolution
		HideSolutionNode = FALSE
	EndGlobalSection
	GlobalSection(ExtensibilityGlobals) = postSolution
		SolutionGuid = {BD8BAE9E-0602-4946-BD9F-22A20B4115D5}
	EndGlobalSection
EndGlobal
